// !$*UTF8*$!
{
	archiveVersion = 1;
	classes = {
	};
	objectVersion = 46;
	objects = {

/* Begin PBXBuildFile section */
		4C5618451DD80395004EC689 /* CompanyViewController.swift in Sources */ = {isa = PBXBuildFile; fileRef = 4C5618441DD80395004EC689 /* CompanyViewController.swift */; };
		4C5618471DD804DE004EC689 /* CompanyCell.swift in Sources */ = {isa = PBXBuildFile; fileRef = 4C5618461DD804DE004EC689 /* CompanyCell.swift */; };
		4C5618491DD806C9004EC689 /* AddCompanyViewController.swift in Sources */ = {isa = PBXBuildFile; fileRef = 4C5618481DD806C9004EC689 /* AddCompanyViewController.swift */; };
		4C56184B1DD81BD7004EC689 /* Constants.swift in Sources */ = {isa = PBXBuildFile; fileRef = 4C56184A1DD81BD7004EC689 /* Constants.swift */; };
		4C56188E1DD8594B004EC689 /* Clarifai.framework in Frameworks */ = {isa = PBXBuildFile; fileRef = 4C56188D1DD8594B004EC689 /* Clarifai.framework */; };
		4CF8EDFA1DD6AA0900786855 /* AppDelegate.swift in Sources */ = {isa = PBXBuildFile; fileRef = 4CF8EDF91DD6AA0900786855 /* AppDelegate.swift */; };
		4CF8EDFF1DD6AA0900786855 /* Main.storyboard in Resources */ = {isa = PBXBuildFile; fileRef = 4CF8EDFD1DD6AA0900786855 /* Main.storyboard */; };
		4CF8EE011DD6AA0900786855 /* Assets.xcassets in Resources */ = {isa = PBXBuildFile; fileRef = 4CF8EE001DD6AA0900786855 /* Assets.xcassets */; };
		4CF8EE041DD6AA0900786855 /* LaunchScreen.storyboard in Resources */ = {isa = PBXBuildFile; fileRef = 4CF8EE021DD6AA0900786855 /* LaunchScreen.storyboard */; };
		4CF8EE0F1DD6AA0900786855 /* YHackProjectTests.swift in Sources */ = {isa = PBXBuildFile; fileRef = 4CF8EE0E1DD6AA0900786855 /* YHackProjectTests.swift */; };
		4CF8EE1A1DD6AA0900786855 /* YHackProjectUITests.swift in Sources */ = {isa = PBXBuildFile; fileRef = 4CF8EE191DD6AA0900786855 /* YHackProjectUITests.swift */; };
		4CF8EE281DD6AAC600786855 /* CompanyListViewController.swift in Sources */ = {isa = PBXBuildFile; fileRef = 4CF8EE271DD6AAC600786855 /* CompanyListViewController.swift */; };
		4CF8EE2A1DD6AAEB00786855 /* CreatePostViewController.swift in Sources */ = {isa = PBXBuildFile; fileRef = 4CF8EE291DD6AAEB00786855 /* CreatePostViewController.swift */; };
		4CF8EE2C1DD6AB1700786855 /* PostPostViewController.swift in Sources */ = {isa = PBXBuildFile; fileRef = 4CF8EE2B1DD6AB1700786855 /* PostPostViewController.swift */; };
		4CF8EE2E1DD6B8CF00786855 /* LoginViewController.swift in Sources */ = {isa = PBXBuildFile; fileRef = 4CF8EE2D1DD6B8CF00786855 /* LoginViewController.swift */; };
		4CF8EE301DD6B9A300786855 /* SignUpViewController.swift in Sources */ = {isa = PBXBuildFile; fileRef = 4CF8EE2F1DD6B9A300786855 /* SignUpViewController.swift */; };
		4CF8EE321DD6BF8D00786855 /* ProfileViewController.swift in Sources */ = {isa = PBXBuildFile; fileRef = 4CF8EE311DD6BF8D00786855 /* ProfileViewController.swift */; };
		4CF8EE341DD6C85700786855 /* Company.swift in Sources */ = {isa = PBXBuildFile; fileRef = 4CF8EE331DD6C85700786855 /* Company.swift */; };
		4CF8EE391DD6F2EC00786855 /* FBSDKShareKit.framework in Frameworks */ = {isa = PBXBuildFile; fileRef = 4CF8EE381DD6F2EC00786855 /* FBSDKShareKit.framework */; };
		4CF8EE3D1DD6F49F00786855 /* Bolts.framework in Frameworks */ = {isa = PBXBuildFile; fileRef = 4CF8EE3A1DD6F49F00786855 /* Bolts.framework */; };
		4CF8EE3E1DD6F49F00786855 /* FBSDKCoreKit.framework in Frameworks */ = {isa = PBXBuildFile; fileRef = 4CF8EE3B1DD6F49F00786855 /* FBSDKCoreKit.framework */; };
		4CF8EE3F1DD6F49F00786855 /* FBSDKLoginKit.framework in Frameworks */ = {isa = PBXBuildFile; fileRef = 4CF8EE3C1DD6F49F00786855 /* FBSDKLoginKit.framework */; };
		4CF8EE451DD75F4000786855 /* SplashPageViewController.swift in Sources */ = {isa = PBXBuildFile; fileRef = 4CF8EE441DD75F4000786855 /* SplashPageViewController.swift */; };
		4CF8EE471DD7AFA900786855 /* Post.swift in Sources */ = {isa = PBXBuildFile; fileRef = 4CF8EE461DD7AFA900786855 /* Post.swift */; };
		4CF8EE491DD7BCC100786855 /* PicPost.swift in Sources */ = {isa = PBXBuildFile; fileRef = 4CF8EE481DD7BCC100786855 /* PicPost.swift */; };
		4CF8EE4D1DD7C57B00786855 /* PhotoCell.swift in Sources */ = {isa = PBXBuildFile; fileRef = 4CF8EE4C1DD7C57B00786855 /* PhotoCell.swift */; };
		4CF8EE4F1DD7CE5700786855 /* photoCell.swift in Sources */ = {isa = PBXBuildFile; fileRef = 4CF8EE4E1DD7CE5700786855 /* photoCell.swift */; };
		53C115C3DABF2D45CA716996 /* Pods_YHackProjectUITests.framework in Frameworks */ = {isa = PBXBuildFile; fileRef = 13B12A1A99B90AE9601FE48E /* Pods_YHackProjectUITests.framework */; };
		6599EBE13FD9ED1351FA2541 /* Pods_YHackProjectTests.framework in Frameworks */ = {isa = PBXBuildFile; fileRef = 10CCDCF608EE8CA4DAC02793 /* Pods_YHackProjectTests.framework */; };
		FE0B5C8C83D9F86C509EFC0D /* Pods_YHackProject.framework in Frameworks */ = {isa = PBXBuildFile; fileRef = 37B87CDEF9093EAF653300BA /* Pods_YHackProject.framework */; };
/* End PBXBuildFile section */

/* Begin PBXContainerItemProxy section */
		4CF8EE0B1DD6AA0900786855 /* PBXContainerItemProxy */ = {
			isa = PBXContainerItemProxy;
			containerPortal = 4CF8EDEE1DD6AA0800786855 /* Project object */;
			proxyType = 1;
			remoteGlobalIDString = 4CF8EDF51DD6AA0800786855;
			remoteInfo = YHackProject;
		};
		4CF8EE161DD6AA0900786855 /* PBXContainerItemProxy */ = {
			isa = PBXContainerItemProxy;
			containerPortal = 4CF8EDEE1DD6AA0800786855 /* Project object */;
			proxyType = 1;
			remoteGlobalIDString = 4CF8EDF51DD6AA0800786855;
			remoteInfo = YHackProject;
		};
/* End PBXContainerItemProxy section */

/* Begin PBXFileReference section */
		0A6685B202A23664AF723DB2 /* Pods-YHackProjectUITests.release.xcconfig */ = {isa = PBXFileReference; includeInIndex = 1; lastKnownFileType = text.xcconfig; name = "Pods-YHackProjectUITests.release.xcconfig"; path = "Pods/Target Support Files/Pods-YHackProjectUITests/Pods-YHackProjectUITests.release.xcconfig"; sourceTree = "<group>"; };
		10CCDCF608EE8CA4DAC02793 /* Pods_YHackProjectTests.framework */ = {isa = PBXFileReference; explicitFileType = wrapper.framework; includeInIndex = 0; path = Pods_YHackProjectTests.framework; sourceTree = BUILT_PRODUCTS_DIR; };
		13B12A1A99B90AE9601FE48E /* Pods_YHackProjectUITests.framework */ = {isa = PBXFileReference; explicitFileType = wrapper.framework; includeInIndex = 0; path = Pods_YHackProjectUITests.framework; sourceTree = BUILT_PRODUCTS_DIR; };
		2E458776237FDFE90339891F /* Pods-YHackProject.debug.xcconfig */ = {isa = PBXFileReference; includeInIndex = 1; lastKnownFileType = text.xcconfig; name = "Pods-YHackProject.debug.xcconfig"; path = "Pods/Target Support Files/Pods-YHackProject/Pods-YHackProject.debug.xcconfig"; sourceTree = "<group>"; };
		37B87CDEF9093EAF653300BA /* Pods_YHackProject.framework */ = {isa = PBXFileReference; explicitFileType = wrapper.framework; includeInIndex = 0; path = Pods_YHackProject.framework; sourceTree = BUILT_PRODUCTS_DIR; };
		49B597821979B91A1753F2FA /* Pods-YHackProject.release.xcconfig */ = {isa = PBXFileReference; includeInIndex = 1; lastKnownFileType = text.xcconfig; name = "Pods-YHackProject.release.xcconfig"; path = "Pods/Target Support Files/Pods-YHackProject/Pods-YHackProject.release.xcconfig"; sourceTree = "<group>"; };
		4C5618441DD80395004EC689 /* CompanyViewController.swift */ = {isa = PBXFileReference; fileEncoding = 4; lastKnownFileType = sourcecode.swift; path = CompanyViewController.swift; sourceTree = "<group>"; };
		4C5618461DD804DE004EC689 /* CompanyCell.swift */ = {isa = PBXFileReference; fileEncoding = 4; lastKnownFileType = sourcecode.swift; path = CompanyCell.swift; sourceTree = "<group>"; };
		4C5618481DD806C9004EC689 /* AddCompanyViewController.swift */ = {isa = PBXFileReference; fileEncoding = 4; lastKnownFileType = sourcecode.swift; path = AddCompanyViewController.swift; sourceTree = "<group>"; };
		4C56184A1DD81BD7004EC689 /* Constants.swift */ = {isa = PBXFileReference; fileEncoding = 4; lastKnownFileType = sourcecode.swift; path = Constants.swift; sourceTree = "<group>"; };
		4C56184F1DD84758004EC689 /* VisualRecognitionV3.framework */ = {isa = PBXFileReference; lastKnownFileType = wrapper.framework; name = VisualRecognitionV3.framework; path = Carthage/Build/iOS/VisualRecognitionV3.framework; sourceTree = "<group>"; };
		4C56187B1DD84F59004EC689 /* AlchemyLanguageV1.framework */ = {isa = PBXFileReference; lastKnownFileType = wrapper.framework; name = AlchemyLanguageV1.framework; path = Carthage/Build/iOS/AlchemyLanguageV1.framework; sourceTree = "<group>"; };
		4C56187F1DD84F97004EC689 /* AlchemyLanguageV1.framework */ = {isa = PBXFileReference; lastKnownFileType = wrapper.framework; name = AlchemyLanguageV1.framework; path = Carthage/Build/iOS/AlchemyLanguageV1.framework; sourceTree = "<group>"; };
		4C5618801DD84F97004EC689 /* VisualRecognitionV3.framework */ = {isa = PBXFileReference; lastKnownFileType = wrapper.framework; name = VisualRecognitionV3.framework; path = Carthage/Build/iOS/VisualRecognitionV3.framework; sourceTree = "<group>"; };
		4C56188D1DD8594B004EC689 /* Clarifai.framework */ = {isa = PBXFileReference; lastKnownFileType = wrapper.framework; name = Clarifai.framework; path = "Pods/../build/Release-iphoneos/Clarifai/Clarifai.framework"; sourceTree = "<group>"; };
		4CF8EDF61DD6AA0900786855 /* YHackProject.app */ = {isa = PBXFileReference; explicitFileType = wrapper.application; includeInIndex = 0; path = YHackProject.app; sourceTree = BUILT_PRODUCTS_DIR; };
		4CF8EDF91DD6AA0900786855 /* AppDelegate.swift */ = {isa = PBXFileReference; lastKnownFileType = sourcecode.swift; path = AppDelegate.swift; sourceTree = "<group>"; };
		4CF8EDFE1DD6AA0900786855 /* Base */ = {isa = PBXFileReference; lastKnownFileType = file.storyboard; name = Base; path = Base.lproj/Main.storyboard; sourceTree = "<group>"; };
		4CF8EE001DD6AA0900786855 /* Assets.xcassets */ = {isa = PBXFileReference; lastKnownFileType = folder.assetcatalog; path = Assets.xcassets; sourceTree = "<group>"; };
		4CF8EE031DD6AA0900786855 /* Base */ = {isa = PBXFileReference; lastKnownFileType = file.storyboard; name = Base; path = Base.lproj/LaunchScreen.storyboard; sourceTree = "<group>"; };
		4CF8EE051DD6AA0900786855 /* Info.plist */ = {isa = PBXFileReference; lastKnownFileType = text.plist.xml; path = Info.plist; sourceTree = "<group>"; };
		4CF8EE0A1DD6AA0900786855 /* YHackProjectTests.xctest */ = {isa = PBXFileReference; explicitFileType = wrapper.cfbundle; includeInIndex = 0; path = YHackProjectTests.xctest; sourceTree = BUILT_PRODUCTS_DIR; };
		4CF8EE0E1DD6AA0900786855 /* YHackProjectTests.swift */ = {isa = PBXFileReference; lastKnownFileType = sourcecode.swift; path = YHackProjectTests.swift; sourceTree = "<group>"; };
		4CF8EE101DD6AA0900786855 /* Info.plist */ = {isa = PBXFileReference; lastKnownFileType = text.plist.xml; path = Info.plist; sourceTree = "<group>"; };
		4CF8EE151DD6AA0900786855 /* YHackProjectUITests.xctest */ = {isa = PBXFileReference; explicitFileType = wrapper.cfbundle; includeInIndex = 0; path = YHackProjectUITests.xctest; sourceTree = BUILT_PRODUCTS_DIR; };
		4CF8EE191DD6AA0900786855 /* YHackProjectUITests.swift */ = {isa = PBXFileReference; lastKnownFileType = sourcecode.swift; path = YHackProjectUITests.swift; sourceTree = "<group>"; };
		4CF8EE1B1DD6AA0900786855 /* Info.plist */ = {isa = PBXFileReference; lastKnownFileType = text.plist.xml; path = Info.plist; sourceTree = "<group>"; };
		4CF8EE271DD6AAC600786855 /* CompanyListViewController.swift */ = {isa = PBXFileReference; fileEncoding = 4; lastKnownFileType = sourcecode.swift; path = CompanyListViewController.swift; sourceTree = "<group>"; };
		4CF8EE291DD6AAEB00786855 /* CreatePostViewController.swift */ = {isa = PBXFileReference; fileEncoding = 4; lastKnownFileType = sourcecode.swift; path = CreatePostViewController.swift; sourceTree = "<group>"; };
		4CF8EE2B1DD6AB1700786855 /* PostPostViewController.swift */ = {isa = PBXFileReference; fileEncoding = 4; lastKnownFileType = sourcecode.swift; path = PostPostViewController.swift; sourceTree = "<group>"; };
		4CF8EE2D1DD6B8CF00786855 /* LoginViewController.swift */ = {isa = PBXFileReference; fileEncoding = 4; lastKnownFileType = sourcecode.swift; path = LoginViewController.swift; sourceTree = "<group>"; };
		4CF8EE2F1DD6B9A300786855 /* SignUpViewController.swift */ = {isa = PBXFileReference; fileEncoding = 4; lastKnownFileType = sourcecode.swift; path = SignUpViewController.swift; sourceTree = "<group>"; };
		4CF8EE311DD6BF8D00786855 /* ProfileViewController.swift */ = {isa = PBXFileReference; fileEncoding = 4; lastKnownFileType = sourcecode.swift; path = ProfileViewController.swift; sourceTree = "<group>"; };
		4CF8EE331DD6C85700786855 /* Company.swift */ = {isa = PBXFileReference; fileEncoding = 4; lastKnownFileType = sourcecode.swift; path = Company.swift; sourceTree = "<group>"; };
		4CF8EE381DD6F2EC00786855 /* FBSDKShareKit.framework */ = {isa = PBXFileReference; lastKnownFileType = wrapper.framework; path = FBSDKShareKit.framework; sourceTree = "<group>"; };
		4CF8EE3A1DD6F49F00786855 /* Bolts.framework */ = {isa = PBXFileReference; lastKnownFileType = wrapper.framework; path = Bolts.framework; sourceTree = "<group>"; };
		4CF8EE3B1DD6F49F00786855 /* FBSDKCoreKit.framework */ = {isa = PBXFileReference; lastKnownFileType = wrapper.framework; path = FBSDKCoreKit.framework; sourceTree = "<group>"; };
		4CF8EE3C1DD6F49F00786855 /* FBSDKLoginKit.framework */ = {isa = PBXFileReference; lastKnownFileType = wrapper.framework; path = FBSDKLoginKit.framework; sourceTree = "<group>"; };
		4CF8EE441DD75F4000786855 /* SplashPageViewController.swift */ = {isa = PBXFileReference; fileEncoding = 4; lastKnownFileType = sourcecode.swift; name = SplashPageViewController.swift; path = ../SplashPageViewController.swift; sourceTree = "<group>"; };
		4CF8EE461DD7AFA900786855 /* Post.swift */ = {isa = PBXFileReference; fileEncoding = 4; lastKnownFileType = sourcecode.swift; path = Post.swift; sourceTree = "<group>"; };
		4CF8EE481DD7BCC100786855 /* PicPost.swift */ = {isa = PBXFileReference; fileEncoding = 4; lastKnownFileType = sourcecode.swift; path = PicPost.swift; sourceTree = "<group>"; };
		4CF8EE4C1DD7C57B00786855 /* PhotoCell.swift */ = {isa = PBXFileReference; fileEncoding = 4; lastKnownFileType = sourcecode.swift; name = PhotoCell.swift; path = ../PhotoCell.swift; sourceTree = "<group>"; };
		4CF8EE4E1DD7CE5700786855 /* photoCell.swift */ = {isa = PBXFileReference; fileEncoding = 4; lastKnownFileType = sourcecode.swift; path = photoCell.swift; sourceTree = "<group>"; };
		59E77A0451411734CA96F631 /* Pods-YHackProjectUITests.debug.xcconfig */ = {isa = PBXFileReference; includeInIndex = 1; lastKnownFileType = text.xcconfig; name = "Pods-YHackProjectUITests.debug.xcconfig"; path = "Pods/Target Support Files/Pods-YHackProjectUITests/Pods-YHackProjectUITests.debug.xcconfig"; sourceTree = "<group>"; };
		92F2678A369C26DA739B0077 /* Pods-YHackProjectTests.release.xcconfig */ = {isa = PBXFileReference; includeInIndex = 1; lastKnownFileType = text.xcconfig; name = "Pods-YHackProjectTests.release.xcconfig"; path = "Pods/Target Support Files/Pods-YHackProjectTests/Pods-YHackProjectTests.release.xcconfig"; sourceTree = "<group>"; };
		BD554C7503D6828823DE56D6 /* Pods-YHackProjectTests.debug.xcconfig */ = {isa = PBXFileReference; includeInIndex = 1; lastKnownFileType = text.xcconfig; name = "Pods-YHackProjectTests.debug.xcconfig"; path = "Pods/Target Support Files/Pods-YHackProjectTests/Pods-YHackProjectTests.debug.xcconfig"; sourceTree = "<group>"; };
/* End PBXFileReference section */

/* Begin PBXFrameworksBuildPhase section */
		4CF8EDF31DD6AA0800786855 /* Frameworks */ = {
			isa = PBXFrameworksBuildPhase;
			buildActionMask = 2147483647;
			files = (
				4C56188E1DD8594B004EC689 /* Clarifai.framework in Frameworks */,
				4CF8EE3D1DD6F49F00786855 /* Bolts.framework in Frameworks */,
				4CF8EE3E1DD6F49F00786855 /* FBSDKCoreKit.framework in Frameworks */,
				4CF8EE3F1DD6F49F00786855 /* FBSDKLoginKit.framework in Frameworks */,
				4CF8EE391DD6F2EC00786855 /* FBSDKShareKit.framework in Frameworks */,
				FE0B5C8C83D9F86C509EFC0D /* Pods_YHackProject.framework in Frameworks */,
			);
			runOnlyForDeploymentPostprocessing = 0;
		};
		4CF8EE071DD6AA0900786855 /* Frameworks */ = {
			isa = PBXFrameworksBuildPhase;
			buildActionMask = 2147483647;
			files = (
				6599EBE13FD9ED1351FA2541 /* Pods_YHackProjectTests.framework in Frameworks */,
			);
			runOnlyForDeploymentPostprocessing = 0;
		};
		4CF8EE121DD6AA0900786855 /* Frameworks */ = {
			isa = PBXFrameworksBuildPhase;
			buildActionMask = 2147483647;
			files = (
				53C115C3DABF2D45CA716996 /* Pods_YHackProjectUITests.framework in Frameworks */,
			);
			runOnlyForDeploymentPostprocessing = 0;
		};
/* End PBXFrameworksBuildPhase section */

/* Begin PBXGroup section */
		4C56184C1DD835E7004EC689 /* View Controllers */ = {
			isa = PBXGroup;
			children = (
				4C5618441DD80395004EC689 /* CompanyViewController.swift */,
				4C5618481DD806C9004EC689 /* AddCompanyViewController.swift */,
				4CF8EE311DD6BF8D00786855 /* ProfileViewController.swift */,
				4CF8EE2F1DD6B9A300786855 /* SignUpViewController.swift */,
				4CF8EE2D1DD6B8CF00786855 /* LoginViewController.swift */,
				4CF8EE271DD6AAC600786855 /* CompanyListViewController.swift */,
				4CF8EE441DD75F4000786855 /* SplashPageViewController.swift */,
				4CF8EE2B1DD6AB1700786855 /* PostPostViewController.swift */,
				4CF8EE291DD6AAEB00786855 /* CreatePostViewController.swift */,
			);
			name = "View Controllers";
			sourceTree = "<group>";
		};
		4CF8EDED1DD6AA0800786855 = {
			isa = PBXGroup;
			children = (
				4C56187F1DD84F97004EC689 /* AlchemyLanguageV1.framework */,
				4C5618801DD84F97004EC689 /* VisualRecognitionV3.framework */,
				4CF8EDF81DD6AA0900786855 /* YHackProject */,
				4CF8EE0D1DD6AA0900786855 /* YHackProjectTests */,
				4CF8EE181DD6AA0900786855 /* YHackProjectUITests */,
				4CF8EDF71DD6AA0900786855 /* Products */,
				4CF8EE371DD6F2EB00786855 /* Frameworks */,
				B321E33B9A4B5D8F60573965 /* Pods */,
			);
			sourceTree = "<group>";
		};
		4CF8EDF71DD6AA0900786855 /* Products */ = {
			isa = PBXGroup;
			children = (
				4CF8EDF61DD6AA0900786855 /* YHackProject.app */,
				4CF8EE0A1DD6AA0900786855 /* YHackProjectTests.xctest */,
				4CF8EE151DD6AA0900786855 /* YHackProjectUITests.xctest */,
			);
			name = Products;
			sourceTree = "<group>";
		};
		4CF8EDF81DD6AA0900786855 /* YHackProject */ = {
			isa = PBXGroup;
			children = (
				4C56184C1DD835E7004EC689 /* View Controllers */,
				4CF8EE4C1DD7C57B00786855 /* PhotoCell.swift */,
				4CF8EDF91DD6AA0900786855 /* AppDelegate.swift */,
				4CF8EDFD1DD6AA0900786855 /* Main.storyboard */,
				4C5618461DD804DE004EC689 /* CompanyCell.swift */,
				4CF8EE331DD6C85700786855 /* Company.swift */,
				4CF8EE461DD7AFA900786855 /* Post.swift */,
				4CF8EE481DD7BCC100786855 /* PicPost.swift */,
				4C56184A1DD81BD7004EC689 /* Constants.swift */,
				4CF8EE001DD6AA0900786855 /* Assets.xcassets */,
				4CF8EE021DD6AA0900786855 /* LaunchScreen.storyboard */,
				4CF8EE051DD6AA0900786855 /* Info.plist */,
				4CF8EE4E1DD7CE5700786855 /* photoCell.swift */,
			);
			path = YHackProject;
			sourceTree = "<group>";
		};
		4CF8EE0D1DD6AA0900786855 /* YHackProjectTests */ = {
			isa = PBXGroup;
			children = (
				4CF8EE0E1DD6AA0900786855 /* YHackProjectTests.swift */,
				4CF8EE101DD6AA0900786855 /* Info.plist */,
			);
			path = YHackProjectTests;
			sourceTree = "<group>";
		};
		4CF8EE181DD6AA0900786855 /* YHackProjectUITests */ = {
			isa = PBXGroup;
			children = (
				4CF8EE191DD6AA0900786855 /* YHackProjectUITests.swift */,
				4CF8EE1B1DD6AA0900786855 /* Info.plist */,
			);
			path = YHackProjectUITests;
			sourceTree = "<group>";
		};
		4CF8EE371DD6F2EB00786855 /* Frameworks */ = {
			isa = PBXGroup;
			children = (
				4C56188D1DD8594B004EC689 /* Clarifai.framework */,
				4C56187B1DD84F59004EC689 /* AlchemyLanguageV1.framework */,
				4C56184F1DD84758004EC689 /* VisualRecognitionV3.framework */,
				4CF8EE3A1DD6F49F00786855 /* Bolts.framework */,
				4CF8EE3B1DD6F49F00786855 /* FBSDKCoreKit.framework */,
				4CF8EE3C1DD6F49F00786855 /* FBSDKLoginKit.framework */,
				4CF8EE381DD6F2EC00786855 /* FBSDKShareKit.framework */,
				37B87CDEF9093EAF653300BA /* Pods_YHackProject.framework */,
				10CCDCF608EE8CA4DAC02793 /* Pods_YHackProjectTests.framework */,
				13B12A1A99B90AE9601FE48E /* Pods_YHackProjectUITests.framework */,
			);
			name = Frameworks;
			sourceTree = "<group>";
		};
		B321E33B9A4B5D8F60573965 /* Pods */ = {
			isa = PBXGroup;
			children = (
				2E458776237FDFE90339891F /* Pods-YHackProject.debug.xcconfig */,
				49B597821979B91A1753F2FA /* Pods-YHackProject.release.xcconfig */,
				BD554C7503D6828823DE56D6 /* Pods-YHackProjectTests.debug.xcconfig */,
				92F2678A369C26DA739B0077 /* Pods-YHackProjectTests.release.xcconfig */,
				59E77A0451411734CA96F631 /* Pods-YHackProjectUITests.debug.xcconfig */,
				0A6685B202A23664AF723DB2 /* Pods-YHackProjectUITests.release.xcconfig */,
			);
			name = Pods;
			sourceTree = "<group>";
		};
/* End PBXGroup section */

/* Begin PBXNativeTarget section */
		4CF8EDF51DD6AA0800786855 /* YHackProject */ = {
			isa = PBXNativeTarget;
			buildConfigurationList = 4CF8EE1E1DD6AA0900786855 /* Build configuration list for PBXNativeTarget "YHackProject" */;
			buildPhases = (
				3DF5662A7D8EBD085F0E92BD /* [CP] Check Pods Manifest.lock */,
				4CF8EDF21DD6AA0800786855 /* Sources */,
				4CF8EDF31DD6AA0800786855 /* Frameworks */,
				4CF8EDF41DD6AA0800786855 /* Resources */,
				612AC5444A51921F455DEF43 /* [CP] Embed Pods Frameworks */,
				D6AEF014B3AAD59771D64555 /* [CP] Copy Pods Resources */,
			);
			buildRules = (
			);
			dependencies = (
			);
			name = YHackProject;
			productName = YHackProject;
			productReference = 4CF8EDF61DD6AA0900786855 /* YHackProject.app */;
			productType = "com.apple.product-type.application";
		};
		4CF8EE091DD6AA0900786855 /* YHackProjectTests */ = {
			isa = PBXNativeTarget;
			buildConfigurationList = 4CF8EE211DD6AA0900786855 /* Build configuration list for PBXNativeTarget "YHackProjectTests" */;
			buildPhases = (
				AE55AB7A55F506A59353696D /* [CP] Check Pods Manifest.lock */,
				4CF8EE061DD6AA0900786855 /* Sources */,
				4CF8EE071DD6AA0900786855 /* Frameworks */,
				4CF8EE081DD6AA0900786855 /* Resources */,
				457E3300D1A50CF2E55B1539 /* [CP] Embed Pods Frameworks */,
				0CF4C67E02FA8E0B7705F417 /* [CP] Copy Pods Resources */,
			);
			buildRules = (
			);
			dependencies = (
				4CF8EE0C1DD6AA0900786855 /* PBXTargetDependency */,
			);
			name = YHackProjectTests;
			productName = YHackProjectTests;
			productReference = 4CF8EE0A1DD6AA0900786855 /* YHackProjectTests.xctest */;
			productType = "com.apple.product-type.bundle.unit-test";
		};
		4CF8EE141DD6AA0900786855 /* YHackProjectUITests */ = {
			isa = PBXNativeTarget;
			buildConfigurationList = 4CF8EE241DD6AA0900786855 /* Build configuration list for PBXNativeTarget "YHackProjectUITests" */;
			buildPhases = (
				99A5CFAACD77B105C9B7149A /* [CP] Check Pods Manifest.lock */,
				4CF8EE111DD6AA0900786855 /* Sources */,
				4CF8EE121DD6AA0900786855 /* Frameworks */,
				4CF8EE131DD6AA0900786855 /* Resources */,
				75B81CD5AB9DE2188C02C96D /* [CP] Embed Pods Frameworks */,
				86EE48083B9D465CA85E6C69 /* [CP] Copy Pods Resources */,
			);
			buildRules = (
			);
			dependencies = (
				4CF8EE171DD6AA0900786855 /* PBXTargetDependency */,
			);
			name = YHackProjectUITests;
			productName = YHackProjectUITests;
			productReference = 4CF8EE151DD6AA0900786855 /* YHackProjectUITests.xctest */;
			productType = "com.apple.product-type.bundle.ui-testing";
		};
/* End PBXNativeTarget section */

/* Begin PBXProject section */
		4CF8EDEE1DD6AA0800786855 /* Project object */ = {
			isa = PBXProject;
			attributes = {
				LastSwiftUpdateCheck = 0810;
				LastUpgradeCheck = 0810;
				ORGANIZATIONNAME = yhack;
				TargetAttributes = {
					4CF8EDF51DD6AA0800786855 = {
						CreatedOnToolsVersion = 8.1;
						DevelopmentTeam = FKCQ6WTWUC;
						ProvisioningStyle = Automatic;
					};
					4CF8EE091DD6AA0900786855 = {
						CreatedOnToolsVersion = 8.1;
						ProvisioningStyle = Automatic;
						TestTargetID = 4CF8EDF51DD6AA0800786855;
					};
					4CF8EE141DD6AA0900786855 = {
						CreatedOnToolsVersion = 8.1;
						ProvisioningStyle = Automatic;
						TestTargetID = 4CF8EDF51DD6AA0800786855;
					};
				};
			};
			buildConfigurationList = 4CF8EDF11DD6AA0800786855 /* Build configuration list for PBXProject "YHackProject" */;
			compatibilityVersion = "Xcode 3.2";
			developmentRegion = English;
			hasScannedForEncodings = 0;
			knownRegions = (
				en,
				Base,
			);
			mainGroup = 4CF8EDED1DD6AA0800786855;
			productRefGroup = 4CF8EDF71DD6AA0900786855 /* Products */;
			projectDirPath = "";
			projectRoot = "";
			targets = (
				4CF8EDF51DD6AA0800786855 /* YHackProject */,
				4CF8EE091DD6AA0900786855 /* YHackProjectTests */,
				4CF8EE141DD6AA0900786855 /* YHackProjectUITests */,
			);
		};
/* End PBXProject section */

/* Begin PBXResourcesBuildPhase section */
		4CF8EDF41DD6AA0800786855 /* Resources */ = {
			isa = PBXResourcesBuildPhase;
			buildActionMask = 2147483647;
			files = (
				4CF8EE041DD6AA0900786855 /* LaunchScreen.storyboard in Resources */,
				4CF8EE011DD6AA0900786855 /* Assets.xcassets in Resources */,
				4CF8EDFF1DD6AA0900786855 /* Main.storyboard in Resources */,
			);
			runOnlyForDeploymentPostprocessing = 0;
		};
		4CF8EE081DD6AA0900786855 /* Resources */ = {
			isa = PBXResourcesBuildPhase;
			buildActionMask = 2147483647;
			files = (
			);
			runOnlyForDeploymentPostprocessing = 0;
		};
		4CF8EE131DD6AA0900786855 /* Resources */ = {
			isa = PBXResourcesBuildPhase;
			buildActionMask = 2147483647;
			files = (
			);
			runOnlyForDeploymentPostprocessing = 0;
		};
/* End PBXResourcesBuildPhase section */

/* Begin PBXShellScriptBuildPhase section */
		0CF4C67E02FA8E0B7705F417 /* [CP] Copy Pods Resources */ = {
			isa = PBXShellScriptBuildPhase;
			buildActionMask = 2147483647;
			files = (
			);
			inputPaths = (
			);
			name = "[CP] Copy Pods Resources";
			outputPaths = (
			);
			runOnlyForDeploymentPostprocessing = 0;
			shellPath = /bin/sh;
			shellScript = "\"${SRCROOT}/Pods/Target Support Files/Pods-YHackProjectTests/Pods-YHackProjectTests-resources.sh\"\n";
			showEnvVarsInLog = 0;
		};
		3DF5662A7D8EBD085F0E92BD /* [CP] Check Pods Manifest.lock */ = {
			isa = PBXShellScriptBuildPhase;
			buildActionMask = 2147483647;
			files = (
			);
			inputPaths = (
			);
			name = "[CP] Check Pods Manifest.lock";
			outputPaths = (
			);
			runOnlyForDeploymentPostprocessing = 0;
			shellPath = /bin/sh;
			shellScript = "diff \"${PODS_ROOT}/../Podfile.lock\" \"${PODS_ROOT}/Manifest.lock\" > /dev/null\nif [ $? != 0 ] ; then\n    # print error to STDERR\n    echo \"error: The sandbox is not in sync with the Podfile.lock. Run 'pod install' or update your CocoaPods installation.\" >&2\n    exit 1\nfi\n";
			showEnvVarsInLog = 0;
		};
		457E3300D1A50CF2E55B1539 /* [CP] Embed Pods Frameworks */ = {
			isa = PBXShellScriptBuildPhase;
			buildActionMask = 2147483647;
			files = (
			);
			inputPaths = (
			);
			name = "[CP] Embed Pods Frameworks";
			outputPaths = (
			);
			runOnlyForDeploymentPostprocessing = 0;
			shellPath = /bin/sh;
			shellScript = "\"${SRCROOT}/Pods/Target Support Files/Pods-YHackProjectTests/Pods-YHackProjectTests-frameworks.sh\"\n";
			showEnvVarsInLog = 0;
		};
		612AC5444A51921F455DEF43 /* [CP] Embed Pods Frameworks */ = {
			isa = PBXShellScriptBuildPhase;
			buildActionMask = 2147483647;
			files = (
			);
			inputPaths = (
			);
			name = "[CP] Embed Pods Frameworks";
			outputPaths = (
			);
			runOnlyForDeploymentPostprocessing = 0;
			shellPath = /bin/sh;
			shellScript = "\"${SRCROOT}/Pods/Target Support Files/Pods-YHackProject/Pods-YHackProject-frameworks.sh\"\n";
			showEnvVarsInLog = 0;
		};
		75B81CD5AB9DE2188C02C96D /* [CP] Embed Pods Frameworks */ = {
			isa = PBXShellScriptBuildPhase;
			buildActionMask = 2147483647;
			files = (
			);
			inputPaths = (
			);
			name = "[CP] Embed Pods Frameworks";
			outputPaths = (
			);
			runOnlyForDeploymentPostprocessing = 0;
			shellPath = /bin/sh;
			shellScript = "\"${SRCROOT}/Pods/Target Support Files/Pods-YHackProjectUITests/Pods-YHackProjectUITests-frameworks.sh\"\n";
			showEnvVarsInLog = 0;
		};
		86EE48083B9D465CA85E6C69 /* [CP] Copy Pods Resources */ = {
			isa = PBXShellScriptBuildPhase;
			buildActionMask = 2147483647;
			files = (
			);
			inputPaths = (
			);
			name = "[CP] Copy Pods Resources";
			outputPaths = (
			);
			runOnlyForDeploymentPostprocessing = 0;
			shellPath = /bin/sh;
			shellScript = "\"${SRCROOT}/Pods/Target Support Files/Pods-YHackProjectUITests/Pods-YHackProjectUITests-resources.sh\"\n";
			showEnvVarsInLog = 0;
		};
		99A5CFAACD77B105C9B7149A /* [CP] Check Pods Manifest.lock */ = {
			isa = PBXShellScriptBuildPhase;
			buildActionMask = 2147483647;
			files = (
			);
			inputPaths = (
			);
			name = "[CP] Check Pods Manifest.lock";
			outputPaths = (
			);
			runOnlyForDeploymentPostprocessing = 0;
			shellPath = /bin/sh;
			shellScript = "diff \"${PODS_ROOT}/../Podfile.lock\" \"${PODS_ROOT}/Manifest.lock\" > /dev/null\nif [ $? != 0 ] ; then\n    # print error to STDERR\n    echo \"error: The sandbox is not in sync with the Podfile.lock. Run 'pod install' or update your CocoaPods installation.\" >&2\n    exit 1\nfi\n";
			showEnvVarsInLog = 0;
		};
		AE55AB7A55F506A59353696D /* [CP] Check Pods Manifest.lock */ = {
			isa = PBXShellScriptBuildPhase;
			buildActionMask = 2147483647;
			files = (
			);
			inputPaths = (
			);
			name = "[CP] Check Pods Manifest.lock";
			outputPaths = (
			);
			runOnlyForDeploymentPostprocessing = 0;
			shellPath = /bin/sh;
			shellScript = "diff \"${PODS_ROOT}/../Podfile.lock\" \"${PODS_ROOT}/Manifest.lock\" > /dev/null\nif [ $? != 0 ] ; then\n    # print error to STDERR\n    echo \"error: The sandbox is not in sync with the Podfile.lock. Run 'pod install' or update your CocoaPods installation.\" >&2\n    exit 1\nfi\n";
			showEnvVarsInLog = 0;
		};
		D6AEF014B3AAD59771D64555 /* [CP] Copy Pods Resources */ = {
			isa = PBXShellScriptBuildPhase;
			buildActionMask = 2147483647;
			files = (
			);
			inputPaths = (
			);
			name = "[CP] Copy Pods Resources";
			outputPaths = (
			);
			runOnlyForDeploymentPostprocessing = 0;
			shellPath = /bin/sh;
			shellScript = "\"${SRCROOT}/Pods/Target Support Files/Pods-YHackProject/Pods-YHackProject-resources.sh\"\n";
			showEnvVarsInLog = 0;
		};
/* End PBXShellScriptBuildPhase section */

/* Begin PBXSourcesBuildPhase section */
		4CF8EDF21DD6AA0800786855 /* Sources */ = {
			isa = PBXSourcesBuildPhase;
			buildActionMask = 2147483647;
			files = (
				4CF8EE301DD6B9A300786855 /* SignUpViewController.swift in Sources */,
				4C56184B1DD81BD7004EC689 /* Constants.swift in Sources */,
				4CF8EDFA1DD6AA0900786855 /* AppDelegate.swift in Sources */,
				4CF8EE451DD75F4000786855 /* SplashPageViewController.swift in Sources */,
				4CF8EE2A1DD6AAEB00786855 /* CreatePostViewController.swift in Sources */,
				4CF8EE4D1DD7C57B00786855 /* PhotoCell.swift in Sources */,
				4CF8EE281DD6AAC600786855 /* CompanyListViewController.swift in Sources */,
				4CF8EE321DD6BF8D00786855 /* ProfileViewController.swift in Sources */,
				4CF8EE2E1DD6B8CF00786855 /* LoginViewController.swift in Sources */,
				4C5618491DD806C9004EC689 /* AddCompanyViewController.swift in Sources */,
				4CF8EE4F1DD7CE5700786855 /* photoCell.swift in Sources */,
				4CF8EE2C1DD6AB1700786855 /* PostPostViewController.swift in Sources */,
				4C5618471DD804DE004EC689 /* CompanyCell.swift in Sources */,
				4CF8EE491DD7BCC100786855 /* PicPost.swift in Sources */,
				4CF8EE341DD6C85700786855 /* Company.swift in Sources */,
				4C5618451DD80395004EC689 /* CompanyViewController.swift in Sources */,
				4CF8EE471DD7AFA900786855 /* Post.swift in Sources */,
			);
			runOnlyForDeploymentPostprocessing = 0;
		};
		4CF8EE061DD6AA0900786855 /* Sources */ = {
			isa = PBXSourcesBuildPhase;
			buildActionMask = 2147483647;
			files = (
				4CF8EE0F1DD6AA0900786855 /* YHackProjectTests.swift in Sources */,
			);
			runOnlyForDeploymentPostprocessing = 0;
		};
		4CF8EE111DD6AA0900786855 /* Sources */ = {
			isa = PBXSourcesBuildPhase;
			buildActionMask = 2147483647;
			files = (
				4CF8EE1A1DD6AA0900786855 /* YHackProjectUITests.swift in Sources */,
			);
			runOnlyForDeploymentPostprocessing = 0;
		};
/* End PBXSourcesBuildPhase section */

/* Begin PBXTargetDependency section */
		4CF8EE0C1DD6AA0900786855 /* PBXTargetDependency */ = {
			isa = PBXTargetDependency;
			target = 4CF8EDF51DD6AA0800786855 /* YHackProject */;
			targetProxy = 4CF8EE0B1DD6AA0900786855 /* PBXContainerItemProxy */;
		};
		4CF8EE171DD6AA0900786855 /* PBXTargetDependency */ = {
			isa = PBXTargetDependency;
			target = 4CF8EDF51DD6AA0800786855 /* YHackProject */;
			targetProxy = 4CF8EE161DD6AA0900786855 /* PBXContainerItemProxy */;
		};
/* End PBXTargetDependency section */

/* Begin PBXVariantGroup section */
		4CF8EDFD1DD6AA0900786855 /* Main.storyboard */ = {
			isa = PBXVariantGroup;
			children = (
				4CF8EDFE1DD6AA0900786855 /* Base */,
			);
			name = Main.storyboard;
			sourceTree = "<group>";
		};
		4CF8EE021DD6AA0900786855 /* LaunchScreen.storyboard */ = {
			isa = PBXVariantGroup;
			children = (
				4CF8EE031DD6AA0900786855 /* Base */,
			);
			name = LaunchScreen.storyboard;
			sourceTree = "<group>";
		};
/* End PBXVariantGroup section */

/* Begin XCBuildConfiguration section */
		4CF8EE1C1DD6AA0900786855 /* Debug */ = {
			isa = XCBuildConfiguration;
			buildSettings = {
				ALWAYS_SEARCH_USER_PATHS = NO;
				CLANG_ANALYZER_NONNULL = YES;
				CLANG_CXX_LANGUAGE_STANDARD = "gnu++0x";
				CLANG_CXX_LIBRARY = "libc++";
				CLANG_ENABLE_MODULES = YES;
				CLANG_ENABLE_OBJC_ARC = YES;
				CLANG_WARN_BOOL_CONVERSION = YES;
				CLANG_WARN_CONSTANT_CONVERSION = YES;
				CLANG_WARN_DIRECT_OBJC_ISA_USAGE = YES_ERROR;
				CLANG_WARN_DOCUMENTATION_COMMENTS = YES;
				CLANG_WARN_EMPTY_BODY = YES;
				CLANG_WARN_ENUM_CONVERSION = YES;
				CLANG_WARN_INFINITE_RECURSION = YES;
				CLANG_WARN_INT_CONVERSION = YES;
				CLANG_WARN_OBJC_ROOT_CLASS = YES_ERROR;
				CLANG_WARN_SUSPICIOUS_MOVES = YES;
				CLANG_WARN_UNREACHABLE_CODE = YES;
				CLANG_WARN__DUPLICATE_METHOD_MATCH = YES;
				"CODE_SIGN_IDENTITY[sdk=iphoneos*]" = "iPhone Developer";
				COPY_PHASE_STRIP = NO;
				DEBUG_INFORMATION_FORMAT = dwarf;
				ENABLE_STRICT_OBJC_MSGSEND = YES;
				ENABLE_TESTABILITY = YES;
				GCC_C_LANGUAGE_STANDARD = gnu99;
				GCC_DYNAMIC_NO_PIC = NO;
				GCC_NO_COMMON_BLOCKS = YES;
				GCC_OPTIMIZATION_LEVEL = 0;
				GCC_PREPROCESSOR_DEFINITIONS = (
					"DEBUG=1",
					"$(inherited)",
				);
				GCC_WARN_64_TO_32_BIT_CONVERSION = YES;
				GCC_WARN_ABOUT_RETURN_TYPE = YES_ERROR;
				GCC_WARN_UNDECLARED_SELECTOR = YES;
				GCC_WARN_UNINITIALIZED_AUTOS = YES_AGGRESSIVE;
				GCC_WARN_UNUSED_FUNCTION = YES;
				GCC_WARN_UNUSED_VARIABLE = YES;
				IPHONEOS_DEPLOYMENT_TARGET = 10.1;
				MTL_ENABLE_DEBUG_INFO = YES;
				ONLY_ACTIVE_ARCH = YES;
				SDKROOT = iphoneos;
				SWIFT_ACTIVE_COMPILATION_CONDITIONS = DEBUG;
				SWIFT_OPTIMIZATION_LEVEL = "-Onone";
				TARGETED_DEVICE_FAMILY = "1,2";
			};
			name = Debug;
		};
		4CF8EE1D1DD6AA0900786855 /* Release */ = {
			isa = XCBuildConfiguration;
			buildSettings = {
				ALWAYS_SEARCH_USER_PATHS = NO;
				CLANG_ANALYZER_NONNULL = YES;
				CLANG_CXX_LANGUAGE_STANDARD = "gnu++0x";
				CLANG_CXX_LIBRARY = "libc++";
				CLANG_ENABLE_MODULES = YES;
				CLANG_ENABLE_OBJC_ARC = YES;
				CLANG_WARN_BOOL_CONVERSION = YES;
				CLANG_WARN_CONSTANT_CONVERSION = YES;
				CLANG_WARN_DIRECT_OBJC_ISA_USAGE = YES_ERROR;
				CLANG_WARN_DOCUMENTATION_COMMENTS = YES;
				CLANG_WARN_EMPTY_BODY = YES;
				CLANG_WARN_ENUM_CONVERSION = YES;
				CLANG_WARN_INFINITE_RECURSION = YES;
				CLANG_WARN_INT_CONVERSION = YES;
				CLANG_WARN_OBJC_ROOT_CLASS = YES_ERROR;
				CLANG_WARN_SUSPICIOUS_MOVES = YES;
				CLANG_WARN_UNREACHABLE_CODE = YES;
				CLANG_WARN__DUPLICATE_METHOD_MATCH = YES;
				"CODE_SIGN_IDENTITY[sdk=iphoneos*]" = "iPhone Developer";
				COPY_PHASE_STRIP = NO;
				DEBUG_INFORMATION_FORMAT = "dwarf-with-dsym";
				ENABLE_NS_ASSERTIONS = NO;
				ENABLE_STRICT_OBJC_MSGSEND = YES;
				GCC_C_LANGUAGE_STANDARD = gnu99;
				GCC_NO_COMMON_BLOCKS = YES;
				GCC_WARN_64_TO_32_BIT_CONVERSION = YES;
				GCC_WARN_ABOUT_RETURN_TYPE = YES_ERROR;
				GCC_WARN_UNDECLARED_SELECTOR = YES;
				GCC_WARN_UNINITIALIZED_AUTOS = YES_AGGRESSIVE;
				GCC_WARN_UNUSED_FUNCTION = YES;
				GCC_WARN_UNUSED_VARIABLE = YES;
				IPHONEOS_DEPLOYMENT_TARGET = 10.1;
				MTL_ENABLE_DEBUG_INFO = NO;
				SDKROOT = iphoneos;
				SWIFT_OPTIMIZATION_LEVEL = "-Owholemodule";
				TARGETED_DEVICE_FAMILY = "1,2";
				VALIDATE_PRODUCT = YES;
			};
			name = Release;
		};
		4CF8EE1F1DD6AA0900786855 /* Debug */ = {
			isa = XCBuildConfiguration;
			baseConfigurationReference = 2E458776237FDFE90339891F /* Pods-YHackProject.debug.xcconfig */;
			buildSettings = {
				ASSETCATALOG_COMPILER_APPICON_NAME = AppIcon;
				DEVELOPMENT_TEAM = FKCQ6WTWUC;
				FRAMEWORK_SEARCH_PATHS = (
					"$(inherited)",
					"$(PROJECT_DIR)",
					"$(PROJECT_DIR)/Carthage/Build/iOS",
					"$(PROJECT_DIR)/build/Release-iphoneos/Clarifai",
				);
				INFOPLIST_FILE = YHackProject/Info.plist;
				IPHONEOS_DEPLOYMENT_TARGET = 9.3;
				LD_RUNPATH_SEARCH_PATHS = "$(inherited) @executable_path/Frameworks";
				PRODUCT_BUNDLE_IDENTIFIER = devabha.YHackProject;
				PRODUCT_NAME = "$(TARGET_NAME)";
				SWIFT_VERSION = 3.0;
			};
			name = Debug;
		};
		4CF8EE201DD6AA0900786855 /* Release */ = {
			isa = XCBuildConfiguration;
			baseConfigurationReference = 49B597821979B91A1753F2FA /* Pods-YHackProject.release.xcconfig */;
			buildSettings = {
				ASSETCATALOG_COMPILER_APPICON_NAME = AppIcon;
				DEVELOPMENT_TEAM = FKCQ6WTWUC;
				FRAMEWORK_SEARCH_PATHS = (
					"$(inherited)",
					"$(PROJECT_DIR)",
					"$(PROJECT_DIR)/Carthage/Build/iOS",
					"$(PROJECT_DIR)/build/Release-iphoneos/Clarifai",
				);
				INFOPLIST_FILE = YHackProject/Info.plist;
				IPHONEOS_DEPLOYMENT_TARGET = 9.3;
				LD_RUNPATH_SEARCH_PATHS = "$(inherited) @executable_path/Frameworks";
				PRODUCT_BUNDLE_IDENTIFIER = devabha.YHackProject;
				PRODUCT_NAME = "$(TARGET_NAME)";
				SWIFT_VERSION = 3.0;
			};
			name = Release;
		};
		4CF8EE221DD6AA0900786855 /* Debug */ = {
			isa = XCBuildConfiguration;
			baseConfigurationReference = BD554C7503D6828823DE56D6 /* Pods-YHackProjectTests.debug.xcconfig */;
			buildSettings = {
				ALWAYS_EMBED_SWIFT_STANDARD_LIBRARIES = YES;
				BUNDLE_LOADER = "$(TEST_HOST)";
				INFOPLIST_FILE = YHackProjectTests/Info.plist;
				LD_RUNPATH_SEARCH_PATHS = "$(inherited) @executable_path/Frameworks @loader_path/Frameworks";
				PRODUCT_BUNDLE_IDENTIFIER = devabha.YHackProjectTests;
				PRODUCT_NAME = "$(TARGET_NAME)";
				SWIFT_VERSION = 3.0;
				TEST_HOST = "$(BUILT_PRODUCTS_DIR)/YHackProject.app/YHackProject";
			};
			name = Debug;
		};
		4CF8EE231DD6AA0900786855 /* Release */ = {
			isa = XCBuildConfiguration;
			baseConfigurationReference = 92F2678A369C26DA739B0077 /* Pods-YHackProjectTests.release.xcconfig */;
			buildSettings = {
				ALWAYS_EMBED_SWIFT_STANDARD_LIBRARIES = YES;
				BUNDLE_LOADER = "$(TEST_HOST)";
				INFOPLIST_FILE = YHackProjectTests/Info.plist;
				LD_RUNPATH_SEARCH_PATHS = "$(inherited) @executable_path/Frameworks @loader_path/Frameworks";
				PRODUCT_BUNDLE_IDENTIFIER = devabha.YHackProjectTests;
				PRODUCT_NAME = "$(TARGET_NAME)";
				SWIFT_VERSION = 3.0;
				TEST_HOST = "$(BUILT_PRODUCTS_DIR)/YHackProject.app/YHackProject";
			};
			name = Release;
		};
		4CF8EE251DD6AA0900786855 /* Debug */ = {
			isa = XCBuildConfiguration;
			baseConfigurationReference = 59E77A0451411734CA96F631 /* Pods-YHackProjectUITests.debug.xcconfig */;
			buildSettings = {
				ALWAYS_EMBED_SWIFT_STANDARD_LIBRARIES = YES;
				INFOPLIST_FILE = YHackProjectUITests/Info.plist;
				LD_RUNPATH_SEARCH_PATHS = "$(inherited) @executable_path/Frameworks @loader_path/Frameworks";
				PRODUCT_BUNDLE_IDENTIFIER = devabha.YHackProjectUITests;
				PRODUCT_NAME = "$(TARGET_NAME)";
				SWIFT_VERSION = 3.0;
				TEST_TARGET_NAME = YHackProject;
			};
			name = Debug;
		};
		4CF8EE261DD6AA0900786855 /* Release */ = {
			isa = XCBuildConfiguration;
			baseConfigurationReference = 0A6685B202A23664AF723DB2 /* Pods-YHackProjectUITests.release.xcconfig */;
			buildSettings = {
				ALWAYS_EMBED_SWIFT_STANDARD_LIBRARIES = YES;
				INFOPLIST_FILE = YHackProjectUITests/Info.plist;
				LD_RUNPATH_SEARCH_PATHS = "$(inherited) @executable_path/Frameworks @loader_path/Frameworks";
				PRODUCT_BUNDLE_IDENTIFIER = devabha.YHackProjectUITests;
				PRODUCT_NAME = "$(TARGET_NAME)";
				SWIFT_VERSION = 3.0;
				TEST_TARGET_NAME = YHackProject;
			};
			name = Release;
		};
/* End XCBuildConfiguration section */

/* Begin XCConfigurationList section */
		4CF8EDF11DD6AA0800786855 /* Build configuration list for PBXProject "YHackProject" */ = {
			isa = XCConfigurationList;
			buildConfigurations = (
				4CF8EE1C1DD6AA0900786855 /* Debug */,
				4CF8EE1D1DD6AA0900786855 /* Release */,
			);
			defaultConfigurationIsVisible = 0;
			defaultConfigurationName = Release;
		};
		4CF8EE1E1DD6AA0900786855 /* Build configuration list for PBXNativeTarget "YHackProject" */ = {
			isa = XCConfigurationList;
			buildConfigurations = (
				4CF8EE1F1DD6AA0900786855 /* Debug */,
				4CF8EE201DD6AA0900786855 /* Release */,
			);
			defaultConfigurationIsVisible = 0;
			defaultConfigurationName = Release;
		};
		4CF8EE211DD6AA0900786855 /* Build configuration list for PBXNativeTarget "YHackProjectTests" */ = {
			isa = XCConfigurationList;
			buildConfigurations = (
				4CF8EE221DD6AA0900786855 /* Debug */,
				4CF8EE231DD6AA0900786855 /* Release */,
			);
			defaultConfigurationIsVisible = 0;
			defaultConfigurationName = Release;
		};
		4CF8EE241DD6AA0900786855 /* Build configuration list for PBXNativeTarget "YHackProjectUITests" */ = {
			isa = XCConfigurationList;
			buildConfigurations = (
				4CF8EE251DD6AA0900786855 /* Debug */,
				4CF8EE261DD6AA0900786855 /* Release */,
			);
			defaultConfigurationIsVisible = 0;
			defaultConfigurationName = Release;
		};
/* End XCConfigurationList section */
	};
	rootObject = 4CF8EDEE1DD6AA0800786855 /* Project object */;
}
